
Microsoft Visual Studio Solution File, Format Version 12.00
# Visual Studio Version 17
VisualStudioVersion = 17.7.34024.191
MinimumVisualStudioVersion = 10.0.40219.1
Project("{8BC9CEB8-8B4A-11D0-8D11-00A0C91BC942}") = "CG", "CG.vcxproj", "{53E567F5-6FD1-4239-9B1A-9D27E3B967BC}"
EndProject
Global
	GlobalSection(SolutionConfigurationPlatforms) = preSolution
		Debug|x64 = Debug|x64
		Debug|x86 = Debug|x86
		Release|x64 = Release|x64
		Release|x86 = Release|x86
	EndGlobalSection
	GlobalSection(ProjectConfigurationPlatforms) = postSolution
		{53E567F5-6FD1-4239-9B1A-9D27E3B967BC}.Debug|x64.ActiveCfg = Debug|x64
		{53E567F5-6FD1-4239-9B1A-9D27E3B967BC}.Debug|x64.Build.0 = Debug|x64
		{53E567F5-6FD1-4239-9B1A-9D27E3B967BC}.Debug|x86.ActiveCfg = Debug|Win32
		{53E567F5-6FD1-4239-9B1A-9D27E3B967BC}.Debug|x86.Build.0 = Debug|Win32
		{53E567F5-6FD1-4239-9B1A-9D27E3B967BC}.Release|x64.ActiveCfg = Release|x64
		{53E567F5-6FD1-4239-9B1A-9D27E3B967BC}.Release|x64.Build.0 = Release|x64
		{53E567F5-6FD1-4239-9B1A-9D27E3B967BC}.Release|x86.ActiveCfg = Release|Win32
		{53E567F5-6FD1-4239-9B1A-9D27E3B967BC}.Release|x86.Build.0 = Release|Win32
	EndGlobalSection
	GlobalSection(SolutionProperties) = preSolution
		HideSolutionNode = FALSE
	EndGlobalSection
	GlobalSection(ExtensibilityGlobals) = postSolution
		SolutionGuid = {F86968B8-52D0-4DA7-87C6-3BA6844D6D41}
	EndGlobalSection
EndGlobal
