<?xml version="1.0" encoding="utf-8"?>
<Project ToolsVersion="4.0" xmlns="http://schemas.microsoft.com/developer/msbuild/2003">
  <ItemGroup>
    <Filter Include="Main">
      <UniqueIdentifier>{807c2f33-3216-43bc-a3fb-62410a285574}</UniqueIdentifier>
    </Filter>
    <Filter Include="Text Files">
      <UniqueIdentifier>{f386e496-81dd-4c44-aac6-53795ae9ae3d}</UniqueIdentifier>
    </Filter>
    <Filter Include="Callback">
      <UniqueIdentifier>{a55590a0-74d1-4cee-9030-c8fc85487a85}</UniqueIdentifier>
    </Filter>
    <Filter Include="WindowMgr">
      <UniqueIdentifier>{1e90819b-53f9-46ad-ae4e-c8f13a368a7a}</UniqueIdentifier>
    </Filter>
  </ItemGroup>
  <ItemGroup>
    <ClCompile Include="FileName.cpp">
      <Filter>Main</Filter>
    </ClCompile>
    <ClCompile Include="Callback.cpp">
      <Filter>Callback</Filter>
    </ClCompile>
    <ClCompile Include="WindowMgr.cpp">
      <Filter>WindowMgr</Filter>
    </ClCompile>
  </ItemGroup>
  <ItemGroup>
    <Text Include="func.txt">
      <Filter>Text Files</Filter>
    </Text>
    <Text Include="Task.txt">
      <Filter>Text Files</Filter>
    </Text>
  </ItemGroup>
  <ItemGroup>
    <ClInclude Include="Callback.h">
      <Filter>Callback</Filter>
    </ClInclude>
    <ClInclude Include="WindowMgr.h">
      <Filter>WindowMgr</Filter>
    </ClInclude>
  </ItemGroup>
</Project>