<?xml version="1.0" encoding="utf-8"?>
<Project ToolsVersion="4.0" xmlns="http://schemas.microsoft.com/developer/msbuild/2003">
  <ItemGroup>
    <Filter Include="Main">
      <UniqueIdentifier>{807c2f33-3216-43bc-a3fb-62410a285574}</UniqueIdentifier>
    </Filter>
    <Filter Include="Text Files">
      <UniqueIdentifier>{f386e496-81dd-4c44-aac6-53795ae9ae3d}</UniqueIdentifier>
    </Filter>
  </ItemGroup>
  <ItemGroup>
    <ClCompile Include="FileName.cpp">
      <Filter>Main</Filter>
    </ClCompile>
  </ItemGroup>
  <ItemGroup>
    <Text Include="func.txt">
      <Filter>Text Files</Filter>
    </Text>
    <Text Include="Task.txt">
      <Filter>Text Files</Filter>
    </Text>
  </ItemGroup>
</Project>